hash: 7b3a5fbfd9996c8705c5bef1164275a0ea7211d96ca573ce30b746b083aa5aae
updated: 2018-09-02T23:50:16.186538+02:00
imports:
- name: github.com/Azure/azure-sdk-for-go
  version: 2935c0241c74bd8549b843978dd6fc1be6f48b4a
  subpackages:
  - profiles/latest/advisor/mgmt/advisor
  - profiles/latest/resources/mgmt/resources
  - profiles/latest/resources/mgmt/subscriptions
  - profiles/preview/preview/security/mgmt/security
  - services/advisor/mgmt/2017-04-19/advisor
  - services/preview/security/mgmt/2017-08-01-preview/security
  - services/resources/mgmt/2016-06-01/subscriptions
  - services/resources/mgmt/2018-02-01/resources
  - version
- name: github.com/Azure/go-autorest
  version: a35eae345f69bbfbe3b8fa0b1d3fe98f8430b21a
  subpackages:
  - autorest
  - autorest/adal
  - autorest/azure
  - autorest/azure/auth
  - autorest/date
  - autorest/to
  - autorest/validation
  - logger
  - version
- name: github.com/beorn7/perks
  version: 3a771d992973f24aa725d07868b467d1ddfceafb
  subpackages:
  - quantile
- name: github.com/dgrijalva/jwt-go
  version: 01aeca54ebda6e0fbfafd0a524d234159c05ec20
- name: github.com/dimchansky/utfbom
  version: 5448fe645cb1964ba70ac8f9f2ffe975e61a536c
- name: github.com/gogo/protobuf
  version: c0656edd0d9eab7c66d1eb0c568f9039345796f7
  subpackages:
  - proto
- name: github.com/golang/protobuf
  version: b4deda0973fb4c70b50d226b1af49f3da59f5265
  subpackages:
  - proto
- name: github.com/jessevdk/go-flags
  version: 1c38ed7ad0cc3d9e66649ac398c30e45f395c4eb
- name: github.com/matttproud/golang_protobuf_extensions
  version: c12348ce28de40eed0136aa2b644d0ee0650e56c
  subpackages:
  - pbutil
- name: github.com/prometheus/client_golang
  version: 676eaf6b948046fcd9dbbcf5cc9ff5077921aa81
  subpackages:
  - prometheus
  - prometheus/promhttp
- name: github.com/prometheus/client_model
  version: 5c3871d89910bfb32f5fcab2aa4b9ec68e65a99f
  subpackages:
  - go
- name: github.com/prometheus/common
  version: c7de2306084e37d54b8be01f3541a8464345e9a5
  subpackages:
  - expfmt
  - internal/bitbucket.org/ww/goautoneg
  - model
- name: github.com/prometheus/procfs
  version: 05ee40e3a273f7245e8777337fc7b46e533a9a92
  subpackages:
  - internal/util
  - nfs
  - xfs
- name: github.com/satori/go.uuid
  version: 36e9d2ebbde5e3f13ab2e25625fd453271d6522e
- name: golang.org/x/crypto
  version: 49796115aa4b964c318aad4f3084fdb41e9aa067
  subpackages:
  - pkcs12
  - pkcs12/internal/rc2
testImports: []
